// !$*UTF8*$!
{
	archiveVersion = 1;
	classes = {
	};
	objectVersion = 46;
	objects = {

/* Begin PBXBuildFile section */
		6F6A9097337046BA360AEC8C /* libPods-iOSExercise.a in Frameworks */ = {isa = PBXBuildFile; fileRef = 0E9CE5E4EC6D1F2884019519 /* libPods-iOSExercise.a */; };
		8E9D8C921C037FB600E1F6AA /* Podfile in Resources */ = {isa = PBXBuildFile; fileRef = 8E9D8C911C037FB600E1F6AA /* Podfile */; };
		8EF8B7381C03445000856EA0 /* main.m in Sources */ = {isa = PBXBuildFile; fileRef = 8EF8B7371C03445000856EA0 /* main.m */; };
		8EF8B73B1C03445000856EA0 /* AppDelegate.m in Sources */ = {isa = PBXBuildFile; fileRef = 8EF8B73A1C03445000856EA0 /* AppDelegate.m */; };
		8EF8B7411C03445000856EA0 /* Main.storyboard in Resources */ = {isa = PBXBuildFile; fileRef = 8EF8B73F1C03445000856EA0 /* Main.storyboard */; };
		8EF8B7431C03445000856EA0 /* Assets.xcassets in Resources */ = {isa = PBXBuildFile; fileRef = 8EF8B7421C03445000856EA0 /* Assets.xcassets */; };
		8EF8B7461C03445000856EA0 /* LaunchScreen.storyboard in Resources */ = {isa = PBXBuildFile; fileRef = 8EF8B7441C03445000856EA0 /* LaunchScreen.storyboard */; };
		8EF8B7511C03445000856EA0 /* iOSExerciseTests.m in Sources */ = {isa = PBXBuildFile; fileRef = 8EF8B7501C03445000856EA0 /* iOSExerciseTests.m */; };
		8EF8B75C1C03445000856EA0 /* iOSExerciseUITests.m in Sources */ = {isa = PBXBuildFile; fileRef = 8EF8B75B1C03445000856EA0 /* iOSExerciseUITests.m */; };
		8EF8B76B1C03450500856EA0 /* HomeTableViewController.m in Sources */ = {isa = PBXBuildFile; fileRef = 8EF8B76A1C03450500856EA0 /* HomeTableViewController.m */; };
		8EF8B7711C034AFE00856EA0 /* Noimage.png in Resources */ = {isa = PBXBuildFile; fileRef = 8EF8B7701C034AFE00856EA0 /* Noimage.png */; };
		8EF8B7741C034BDD00856EA0 /* HttpCommands.m in Sources */ = {isa = PBXBuildFile; fileRef = 8EF8B7731C034BDD00856EA0 /* HttpCommands.m */; };
		8EF8B7771C034CA200856EA0 /* Parser.m in Sources */ = {isa = PBXBuildFile; fileRef = 8EF8B7761C034CA200856EA0 /* Parser.m */; };
		8EF8B77A1C03565A00856EA0 /* Facts.m in Sources */ = {isa = PBXBuildFile; fileRef = 8EF8B7791C03565A00856EA0 /* Facts.m */; };
/* End PBXBuildFile section */

/* Begin PBXContainerItemProxy section */
		8EF8B74D1C03445000856EA0 /* PBXContainerItemProxy */ = {
			isa = PBXContainerItemProxy;
			containerPortal = 8EF8B72B1C03445000856EA0 /* Project object */;
			proxyType = 1;
			remoteGlobalIDString = 8EF8B7321C03445000856EA0;
			remoteInfo = iOSExercise;
		};
		8EF8B7581C03445000856EA0 /* PBXContainerItemProxy */ = {
			isa = PBXContainerItemProxy;
			containerPortal = 8EF8B72B1C03445000856EA0 /* Project object */;
			proxyType = 1;
			remoteGlobalIDString = 8EF8B7321C03445000856EA0;
			remoteInfo = iOSExercise;
		};
/* End PBXContainerItemProxy section */

/* Begin PBXFileReference section */
		0E9CE5E4EC6D1F2884019519 /* libPods-iOSExercise.a */ = {isa = PBXFileReference; explicitFileType = archive.ar; includeInIndex = 0; path = "libPods-iOSExercise.a"; sourceTree = BUILT_PRODUCTS_DIR; };
		4B94A41ED2E01FB1F8173662 /* Pods-iOSExercise.debug.xcconfig */ = {isa = PBXFileReference; includeInIndex = 1; lastKnownFileType = text.xcconfig; name = "Pods-iOSExercise.debug.xcconfig"; path = "Pods/Target Support Files/Pods-iOSExercise/Pods-iOSExercise.debug.xcconfig"; sourceTree = "<group>"; };
		8E9D8C911C037FB600E1F6AA /* Podfile */ = {isa = PBXFileReference; fileEncoding = 4; lastKnownFileType = text; path = Podfile; sourceTree = "<group>"; };
		8EF8B7331C03445000856EA0 /* iOSExercise.app */ = {isa = PBXFileReference; explicitFileType = wrapper.application; includeInIndex = 0; path = iOSExercise.app; sourceTree = BUILT_PRODUCTS_DIR; };
		8EF8B7371C03445000856EA0 /* main.m */ = {isa = PBXFileReference; lastKnownFileType = sourcecode.c.objc; path = main.m; sourceTree = "<group>"; };
		8EF8B7391C03445000856EA0 /* AppDelegate.h */ = {isa = PBXFileReference; lastKnownFileType = sourcecode.c.h; path = AppDelegate.h; sourceTree = "<group>"; };
		8EF8B73A1C03445000856EA0 /* AppDelegate.m */ = {isa = PBXFileReference; lastKnownFileType = sourcecode.c.objc; path = AppDelegate.m; sourceTree = "<group>"; };
		8EF8B7401C03445000856EA0 /* Base */ = {isa = PBXFileReference; lastKnownFileType = file.storyboard; name = Base; path = Base.lproj/Main.storyboard; sourceTree = "<group>"; };
		8EF8B7421C03445000856EA0 /* Assets.xcassets */ = {isa = PBXFileReference; lastKnownFileType = folder.assetcatalog; path = Assets.xcassets; sourceTree = "<group>"; };
		8EF8B7451C03445000856EA0 /* Base */ = {isa = PBXFileReference; lastKnownFileType = file.storyboard; name = Base; path = Base.lproj/LaunchScreen.storyboard; sourceTree = "<group>"; };
		8EF8B7471C03445000856EA0 /* Info.plist */ = {isa = PBXFileReference; lastKnownFileType = text.plist.xml; path = Info.plist; sourceTree = "<group>"; };
		8EF8B74C1C03445000856EA0 /* iOSExerciseTests.xctest */ = {isa = PBXFileReference; explicitFileType = wrapper.cfbundle; includeInIndex = 0; path = iOSExerciseTests.xctest; sourceTree = BUILT_PRODUCTS_DIR; };
		8EF8B7501C03445000856EA0 /* iOSExerciseTests.m */ = {isa = PBXFileReference; lastKnownFileType = sourcecode.c.objc; path = iOSExerciseTests.m; sourceTree = "<group>"; };
		8EF8B7521C03445000856EA0 /* Info.plist */ = {isa = PBXFileReference; lastKnownFileType = text.plist.xml; path = Info.plist; sourceTree = "<group>"; };
		8EF8B7571C03445000856EA0 /* iOSExerciseUITests.xctest */ = {isa = PBXFileReference; explicitFileType = wrapper.cfbundle; includeInIndex = 0; path = iOSExerciseUITests.xctest; sourceTree = BUILT_PRODUCTS_DIR; };
		8EF8B75B1C03445000856EA0 /* iOSExerciseUITests.m */ = {isa = PBXFileReference; lastKnownFileType = sourcecode.c.objc; path = iOSExerciseUITests.m; sourceTree = "<group>"; };
		8EF8B75D1C03445000856EA0 /* Info.plist */ = {isa = PBXFileReference; lastKnownFileType = text.plist.xml; path = Info.plist; sourceTree = "<group>"; };
		8EF8B7691C03450500856EA0 /* HomeTableViewController.h */ = {isa = PBXFileReference; fileEncoding = 4; lastKnownFileType = sourcecode.c.h; path = HomeTableViewController.h; sourceTree = "<group>"; };
		8EF8B76A1C03450500856EA0 /* HomeTableViewController.m */ = {isa = PBXFileReference; fileEncoding = 4; lastKnownFileType = sourcecode.c.objc; path = HomeTableViewController.m; sourceTree = "<group>"; };
		8EF8B7701C034AFE00856EA0 /* Noimage.png */ = {isa = PBXFileReference; lastKnownFileType = image.png; path = Noimage.png; sourceTree = "<group>"; };
		8EF8B7721C034BDD00856EA0 /* HttpCommands.h */ = {isa = PBXFileReference; fileEncoding = 4; lastKnownFileType = sourcecode.c.h; path = HttpCommands.h; sourceTree = "<group>"; };
		8EF8B7731C034BDD00856EA0 /* HttpCommands.m */ = {isa = PBXFileReference; fileEncoding = 4; lastKnownFileType = sourcecode.c.objc; path = HttpCommands.m; sourceTree = "<group>"; };
		8EF8B7751C034CA200856EA0 /* Parser.h */ = {isa = PBXFileReference; fileEncoding = 4; lastKnownFileType = sourcecode.c.h; path = Parser.h; sourceTree = "<group>"; };
		8EF8B7761C034CA200856EA0 /* Parser.m */ = {isa = PBXFileReference; fileEncoding = 4; lastKnownFileType = sourcecode.c.objc; path = Parser.m; sourceTree = "<group>"; };
		8EF8B7781C03565A00856EA0 /* Facts.h */ = {isa = PBXFileReference; fileEncoding = 4; lastKnownFileType = sourcecode.c.h; path = Facts.h; sourceTree = "<group>"; };
		8EF8B7791C03565A00856EA0 /* Facts.m */ = {isa = PBXFileReference; fileEncoding = 4; lastKnownFileType = sourcecode.c.objc; path = Facts.m; sourceTree = "<group>"; };
		FE742CCCF32B797F0FA2A83C /* Pods-iOSExercise.release.xcconfig */ = {isa = PBXFileReference; includeInIndex = 1; lastKnownFileType = text.xcconfig; name = "Pods-iOSExercise.release.xcconfig"; path = "Pods/Target Support Files/Pods-iOSExercise/Pods-iOSExercise.release.xcconfig"; sourceTree = "<group>"; };
/* End PBXFileReference section */

/* Begin PBXFrameworksBuildPhase section */
		8EF8B7301C03445000856EA0 /* Frameworks */ = {
			isa = PBXFrameworksBuildPhase;
			buildActionMask = 2147483647;
			files = (
				6F6A9097337046BA360AEC8C /* libPods-iOSExercise.a in Frameworks */,
			);
			runOnlyForDeploymentPostprocessing = 0;
		};
		8EF8B7491C03445000856EA0 /* Frameworks */ = {
			isa = PBXFrameworksBuildPhase;
			buildActionMask = 2147483647;
			files = (
			);
			runOnlyForDeploymentPostprocessing = 0;
		};
		8EF8B7541C03445000856EA0 /* Frameworks */ = {
			isa = PBXFrameworksBuildPhase;
			buildActionMask = 2147483647;
			files = (
			);
			runOnlyForDeploymentPostprocessing = 0;
		};
/* End PBXFrameworksBuildPhase section */

/* Begin PBXGroup section */
		823E2243F2D8A41A05879896 /* Pods */ = {
			isa = PBXGroup;
			children = (
				4B94A41ED2E01FB1F8173662 /* Pods-iOSExercise.debug.xcconfig */,
				FE742CCCF32B797F0FA2A83C /* Pods-iOSExercise.release.xcconfig */,
			);
			name = Pods;
			sourceTree = "<group>";
		};
		8DCD6ED2BE00187AFA567463 /* Frameworks */ = {
			isa = PBXGroup;
			children = (
				0E9CE5E4EC6D1F2884019519 /* libPods-iOSExercise.a */,
			);
			name = Frameworks;
			sourceTree = "<group>";
		};
		8EF8B72A1C03445000856EA0 = {
			isa = PBXGroup;
			children = (
				8E9D8C911C037FB600E1F6AA /* Podfile */,
				8EF8B7351C03445000856EA0 /* iOSExercise */,
				8EF8B74F1C03445000856EA0 /* iOSExerciseTests */,
				8EF8B75A1C03445000856EA0 /* iOSExerciseUITests */,
				8EF8B7341C03445000856EA0 /* Products */,
				823E2243F2D8A41A05879896 /* Pods */,
				8DCD6ED2BE00187AFA567463 /* Frameworks */,
			);
			sourceTree = "<group>";
		};
		8EF8B7341C03445000856EA0 /* Products */ = {
			isa = PBXGroup;
			children = (
				8EF8B7331C03445000856EA0 /* iOSExercise.app */,
				8EF8B74C1C03445000856EA0 /* iOSExerciseTests.xctest */,
				8EF8B7571C03445000856EA0 /* iOSExerciseUITests.xctest */,
			);
			name = Products;
			sourceTree = "<group>";
		};
		8EF8B7351C03445000856EA0 /* iOSExercise */ = {
			isa = PBXGroup;
			children = (
				8EF8B76F1C034ACE00856EA0 /* Resources */,
				8EF8B76E1C034AAA00856EA0 /* Class */,
				8EF8B76D1C034A8B00856EA0 /* Model */,
				8EF8B76C1C034A6A00856EA0 /* ViewControllers */,
				8EF8B7391C03445000856EA0 /* AppDelegate.h */,
				8EF8B73A1C03445000856EA0 /* AppDelegate.m */,
				8EF8B73F1C03445000856EA0 /* Main.storyboard */,
				8EF8B7421C03445000856EA0 /* Assets.xcassets */,
				8EF8B7441C03445000856EA0 /* LaunchScreen.storyboard */,
				8EF8B7471C03445000856EA0 /* Info.plist */,
				8EF8B7361C03445000856EA0 /* Supporting Files */,
			);
			path = iOSExercise;
			sourceTree = "<group>";
		};
		8EF8B7361C03445000856EA0 /* Supporting Files */ = {
			isa = PBXGroup;
			children = (
				8EF8B7371C03445000856EA0 /* main.m */,
			);
			name = "Supporting Files";
			sourceTree = "<group>";
		};
		8EF8B74F1C03445000856EA0 /* iOSExerciseTests */ = {
			isa = PBXGroup;
			children = (
				8EF8B7501C03445000856EA0 /* iOSExerciseTests.m */,
				8EF8B7521C03445000856EA0 /* Info.plist */,
			);
			path = iOSExerciseTests;
			sourceTree = "<group>";
		};
		8EF8B75A1C03445000856EA0 /* iOSExerciseUITests */ = {
			isa = PBXGroup;
			children = (
				8EF8B75B1C03445000856EA0 /* iOSExerciseUITests.m */,
				8EF8B75D1C03445000856EA0 /* Info.plist */,
			);
			path = iOSExerciseUITests;
			sourceTree = "<group>";
		};
		8EF8B76C1C034A6A00856EA0 /* ViewControllers */ = {
			isa = PBXGroup;
			children = (
				8EF8B7691C03450500856EA0 /* HomeTableViewController.h */,
				8EF8B76A1C03450500856EA0 /* HomeTableViewController.m */,
			);
			name = ViewControllers;
			sourceTree = "<group>";
		};
		8EF8B76D1C034A8B00856EA0 /* Model */ = {
			isa = PBXGroup;
			children = (
				8EF8B7781C03565A00856EA0 /* Facts.h */,
				8EF8B7791C03565A00856EA0 /* Facts.m */,
			);
			name = Model;
			sourceTree = "<group>";
		};
		8EF8B76E1C034AAA00856EA0 /* Class */ = {
			isa = PBXGroup;
			children = (
				8EF8B7721C034BDD00856EA0 /* HttpCommands.h */,
				8EF8B7731C034BDD00856EA0 /* HttpCommands.m */,
				8EF8B7751C034CA200856EA0 /* Parser.h */,
				8EF8B7761C034CA200856EA0 /* Parser.m */,
			);
			name = Class;
			sourceTree = "<group>";
		};
		8EF8B76F1C034ACE00856EA0 /* Resources */ = {
			isa = PBXGroup;
			children = (
				8EF8B7701C034AFE00856EA0 /* Noimage.png */,
			);
			name = Resources;
			sourceTree = "<group>";
		};
/* End PBXGroup section */

/* Begin PBXNativeTarget section */
		8EF8B7321C03445000856EA0 /* iOSExercise */ = {
			isa = PBXNativeTarget;
			buildConfigurationList = 8EF8B7601C03445000856EA0 /* Build configuration list for PBXNativeTarget "iOSExercise" */;
			buildPhases = (
				D127C42D6FFB8F541E72FD16 /* Check Pods Manifest.lock */,
				8EF8B72F1C03445000856EA0 /* Sources */,
				8EF8B7301C03445000856EA0 /* Frameworks */,
				8EF8B7311C03445000856EA0 /* Resources */,
				E6CCA01A96B98BEAFB2C58AE /* Embed Pods Frameworks */,
				5551F674E9BB87B11B02EF3B /* Copy Pods Resources */,
			);
			buildRules = (
			);
			dependencies = (
			);
			name = iOSExercise;
			productName = iOSExercise;
			productReference = 8EF8B7331C03445000856EA0 /* iOSExercise.app */;
			productType = "com.apple.product-type.application";
		};
		8EF8B74B1C03445000856EA0 /* iOSExerciseTests */ = {
			isa = PBXNativeTarget;
			buildConfigurationList = 8EF8B7631C03445000856EA0 /* Build configuration list for PBXNativeTarget "iOSExerciseTests" */;
			buildPhases = (
				8EF8B7481C03445000856EA0 /* Sources */,
				8EF8B7491C03445000856EA0 /* Frameworks */,
				8EF8B74A1C03445000856EA0 /* Resources */,
			);
			buildRules = (
			);
			dependencies = (
				8EF8B74E1C03445000856EA0 /* PBXTargetDependency */,
			);
			name = iOSExerciseTests;
			productName = iOSExerciseTests;
			productReference = 8EF8B74C1C03445000856EA0 /* iOSExerciseTests.xctest */;
			productType = "com.apple.product-type.bundle.unit-test";
		};
		8EF8B7561C03445000856EA0 /* iOSExerciseUITests */ = {
			isa = PBXNativeTarget;
			buildConfigurationList = 8EF8B7661C03445000856EA0 /* Build configuration list for PBXNativeTarget "iOSExerciseUITests" */;
			buildPhases = (
				8EF8B7531C03445000856EA0 /* Sources */,
				8EF8B7541C03445000856EA0 /* Frameworks */,
				8EF8B7551C03445000856EA0 /* Resources */,
			);
			buildRules = (
			);
			dependencies = (
				8EF8B7591C03445000856EA0 /* PBXTargetDependency */,
			);
			name = iOSExerciseUITests;
			productName = iOSExerciseUITests;
			productReference = 8EF8B7571C03445000856EA0 /* iOSExerciseUITests.xctest */;
			productType = "com.apple.product-type.bundle.ui-testing";
		};
/* End PBXNativeTarget section */

/* Begin PBXProject section */
		8EF8B72B1C03445000856EA0 /* Project object */ = {
			isa = PBXProject;
			attributes = {
				LastUpgradeCheck = 0710;
				ORGANIZATIONNAME = "Ramesh K";
				TargetAttributes = {
					8EF8B7321C03445000856EA0 = {
						CreatedOnToolsVersion = 7.1;
					};
					8EF8B74B1C03445000856EA0 = {
						CreatedOnToolsVersion = 7.1;
						TestTargetID = 8EF8B7321C03445000856EA0;
					};
					8EF8B7561C03445000856EA0 = {
						CreatedOnToolsVersion = 7.1;
						TestTargetID = 8EF8B7321C03445000856EA0;
					};
				};
			};
			buildConfigurationList = 8EF8B72E1C03445000856EA0 /* Build configuration list for PBXProject "iOSExercise" */;
			compatibilityVersion = "Xcode 3.2";
			developmentRegion = English;
			hasScannedForEncodings = 0;
			knownRegions = (
				en,
				Base,
			);
			mainGroup = 8EF8B72A1C03445000856EA0;
			productRefGroup = 8EF8B7341C03445000856EA0 /* Products */;
			projectDirPath = "";
			projectRoot = "";
			targets = (
				8EF8B7321C03445000856EA0 /* iOSExercise */,
				8EF8B74B1C03445000856EA0 /* iOSExerciseTests */,
				8EF8B7561C03445000856EA0 /* iOSExerciseUITests */,
			);
		};
/* End PBXProject section */

/* Begin PBXResourcesBuildPhase section */
		8EF8B7311C03445000856EA0 /* Resources */ = {
			isa = PBXResourcesBuildPhase;
			buildActionMask = 2147483647;
			files = (
				8E9D8C921C037FB600E1F6AA /* Podfile in Resources */,
				8EF8B7461C03445000856EA0 /* LaunchScreen.storyboard in Resources */,
				8EF8B7431C03445000856EA0 /* Assets.xcassets in Resources */,
				8EF8B7711C034AFE00856EA0 /* Noimage.png in Resources */,
				8EF8B7411C03445000856EA0 /* Main.storyboard in Resources */,
			);
			runOnlyForDeploymentPostprocessing = 0;
		};
		8EF8B74A1C03445000856EA0 /* Resources */ = {
			isa = PBXResourcesBuildPhase;
			buildActionMask = 2147483647;
			files = (
			);
			runOnlyForDeploymentPostprocessing = 0;
		};
		8EF8B7551C03445000856EA0 /* Resources */ = {
			isa = PBXResourcesBuildPhase;
			buildActionMask = 2147483647;
			files = (
			);
			runOnlyForDeploymentPostprocessing = 0;
		};
/* End PBXResourcesBuildPhase section */

/* Begin PBXShellScriptBuildPhase section */
		5551F674E9BB87B11B02EF3B /* Copy Pods Resources */ = {
			isa = PBXShellScriptBuildPhase;
			buildActionMask = 2147483647;
			files = (
			);
			inputPaths = (
			);
			name = "Copy Pods Resources";
			outputPaths = (
			);
			runOnlyForDeploymentPostprocessing = 0;
			shellPath = /bin/sh;
			shellScript = "\"${SRCROOT}/Pods/Target Support Files/Pods-iOSExercise/Pods-iOSExercise-resources.sh\"\n";
			showEnvVarsInLog = 0;
		};
		D127C42D6FFB8F541E72FD16 /* Check Pods Manifest.lock */ = {
			isa = PBXShellScriptBuildPhase;
			buildActionMask = 2147483647;
			files = (
			);
			inputPaths = (
			);
			name = "Check Pods Manifest.lock";
			outputPaths = (
			);
			runOnlyForDeploymentPostprocessing = 0;
			shellPath = /bin/sh;
			shellScript = "diff \"${PODS_ROOT}/../Podfile.lock\" \"${PODS_ROOT}/Manifest.lock\" > /dev/null\nif [[ $? != 0 ]] ; then\n    cat << EOM\nerror: The sandbox is not in sync with the Podfile.lock. Run 'pod install' or update your CocoaPods installation.\nEOM\n    exit 1\nfi\n";
			showEnvVarsInLog = 0;
		};
		E6CCA01A96B98BEAFB2C58AE /* Embed Pods Frameworks */ = {
			isa = PBXShellScriptBuildPhase;
			buildActionMask = 2147483647;
			files = (
			);
			inputPaths = (
			);
			name = "Embed Pods Frameworks";
			outputPaths = (
			);
			runOnlyForDeploymentPostprocessing = 0;
			shellPath = /bin/sh;
			shellScript = "\"${SRCROOT}/Pods/Target Support Files/Pods-iOSExercise/Pods-iOSExercise-frameworks.sh\"\n";
			showEnvVarsInLog = 0;
		};
/* End PBXShellScriptBuildPhase section */

/* Begin PBXSourcesBuildPhase section */
		8EF8B72F1C03445000856EA0 /* Sources */ = {
			isa = PBXSourcesBuildPhase;
			buildActionMask = 2147483647;
			files = (
				8EF8B76B1C03450500856EA0 /* HomeTableViewController.m in Sources */,
				8EF8B73B1C03445000856EA0 /* AppDelegate.m in Sources */,
				8EF8B7381C03445000856EA0 /* main.m in Sources */,
				8EF8B77A1C03565A00856EA0 /* Facts.m in Sources */,
				8EF8B7741C034BDD00856EA0 /* HttpCommands.m in Sources */,
				8EF8B7771C034CA200856EA0 /* Parser.m in Sources */,
			);
			runOnlyForDeploymentPostprocessing = 0;
		};
		8EF8B7481C03445000856EA0 /* Sources */ = {
			isa = PBXSourcesBuildPhase;
			buildActionMask = 2147483647;
			files = (
				8EF8B7511C03445000856EA0 /* iOSExerciseTests.m in Sources */,
			);
			runOnlyForDeploymentPostprocessing = 0;
		};
		8EF8B7531C03445000856EA0 /* Sources */ = {
			isa = PBXSourcesBuildPhase;
			buildActionMask = 2147483647;
			files = (
				8EF8B75C1C03445000856EA0 /* iOSExerciseUITests.m in Sources */,
			);
			runOnlyForDeploymentPostprocessing = 0;
		};
/* End PBXSourcesBuildPhase section */

/* Begin PBXTargetDependency section */
		8EF8B74E1C03445000856EA0 /* PBXTargetDependency */ = {
			isa = PBXTargetDependency;
			target = 8EF8B7321C03445000856EA0 /* iOSExercise */;
			targetProxy = 8EF8B74D1C03445000856EA0 /* PBXContainerItemProxy */;
		};
		8EF8B7591C03445000856EA0 /* PBXTargetDependency */ = {
			isa = PBXTargetDependency;
			target = 8EF8B7321C03445000856EA0 /* iOSExercise */;
			targetProxy = 8EF8B7581C03445000856EA0 /* PBXContainerItemProxy */;
		};
/* End PBXTargetDependency section */

/* Begin PBXVariantGroup section */
		8EF8B73F1C03445000856EA0 /* Main.storyboard */ = {
			isa = PBXVariantGroup;
			children = (
				8EF8B7401C03445000856EA0 /* Base */,
			);
			name = Main.storyboard;
			sourceTree = "<group>";
		};
		8EF8B7441C03445000856EA0 /* LaunchScreen.storyboard */ = {
			isa = PBXVariantGroup;
			children = (
				8EF8B7451C03445000856EA0 /* Base */,
			);
			name = LaunchScreen.storyboard;
			sourceTree = "<group>";
		};
/* End PBXVariantGroup section */

/* Begin XCBuildConfiguration section */
		8EF8B75E1C03445000856EA0 /* Debug */ = {
			isa = XCBuildConfiguration;
			buildSettings = {
				ALWAYS_SEARCH_USER_PATHS = NO;
				CLANG_CXX_LANGUAGE_STANDARD = "gnu++0x";
				CLANG_CXX_LIBRARY = "libc++";
				CLANG_ENABLE_MODULES = YES;
				CLANG_ENABLE_OBJC_ARC = YES;
				CLANG_WARN_BOOL_CONVERSION = YES;
				CLANG_WARN_CONSTANT_CONVERSION = YES;
				CLANG_WARN_DIRECT_OBJC_ISA_USAGE = YES_ERROR;
				CLANG_WARN_EMPTY_BODY = YES;
				CLANG_WARN_ENUM_CONVERSION = YES;
				CLANG_WARN_INT_CONVERSION = YES;
				CLANG_WARN_OBJC_ROOT_CLASS = YES_ERROR;
				CLANG_WARN_UNREACHABLE_CODE = YES;
				CLANG_WARN__DUPLICATE_METHOD_MATCH = YES;
				"CODE_SIGN_IDENTITY[sdk=iphoneos*]" = "iPhone Developer";
				COPY_PHASE_STRIP = NO;
				DEBUG_INFORMATION_FORMAT = dwarf;
				ENABLE_STRICT_OBJC_MSGSEND = YES;
				ENABLE_TESTABILITY = YES;
				GCC_C_LANGUAGE_STANDARD = gnu99;
				GCC_DYNAMIC_NO_PIC = NO;
				GCC_NO_COMMON_BLOCKS = YES;
				GCC_OPTIMIZATION_LEVEL = 0;
				GCC_PREPROCESSOR_DEFINITIONS = (
					"DEBUG=1",
					"$(inherited)",
				);
				GCC_WARN_64_TO_32_BIT_CONVERSION = YES;
				GCC_WARN_ABOUT_RETURN_TYPE = YES_ERROR;
				GCC_WARN_UNDECLARED_SELECTOR = YES;
				GCC_WARN_UNINITIALIZED_AUTOS = YES_AGGRESSIVE;
				GCC_WARN_UNUSED_FUNCTION = YES;
				GCC_WARN_UNUSED_VARIABLE = YES;
				IPHONEOS_DEPLOYMENT_TARGET = 9.1;
				MTL_ENABLE_DEBUG_INFO = YES;
				ONLY_ACTIVE_ARCH = YES;
				SDKROOT = iphoneos;
			};
			name = Debug;
		};
		8EF8B75F1C03445000856EA0 /* Release */ = {
			isa = XCBuildConfiguration;
			buildSettings = {
				ALWAYS_SEARCH_USER_PATHS = NO;
				CLANG_CXX_LANGUAGE_STANDARD = "gnu++0x";
				CLANG_CXX_LIBRARY = "libc++";
				CLANG_ENABLE_MODULES = YES;
				CLANG_ENABLE_OBJC_ARC = YES;
				CLANG_WARN_BOOL_CONVERSION = YES;
				CLANG_WARN_CONSTANT_CONVERSION = YES;
				CLANG_WARN_DIRECT_OBJC_ISA_USAGE = YES_ERROR;
				CLANG_WARN_EMPTY_BODY = YES;
				CLANG_WARN_ENUM_CONVERSION = YES;
				CLANG_WARN_INT_CONVERSION = YES;
				CLANG_WARN_OBJC_ROOT_CLASS = YES_ERROR;
				CLANG_WARN_UNREACHABLE_CODE = YES;
				CLANG_WARN__DUPLICATE_METHOD_MATCH = YES;
				"CODE_SIGN_IDENTITY[sdk=iphoneos*]" = "iPhone Developer";
				COPY_PHASE_STRIP = NO;
				DEBUG_INFORMATION_FORMAT = "dwarf-with-dsym";
				ENABLE_NS_ASSERTIONS = NO;
				ENABLE_STRICT_OBJC_MSGSEND = YES;
				GCC_C_LANGUAGE_STANDARD = gnu99;
				GCC_NO_COMMON_BLOCKS = YES;
				GCC_WARN_64_TO_32_BIT_CONVERSION = YES;
				GCC_WARN_ABOUT_RETURN_TYPE = YES_ERROR;
				GCC_WARN_UNDECLARED_SELECTOR = YES;
				GCC_WARN_UNINITIALIZED_AUTOS = YES_AGGRESSIVE;
				GCC_WARN_UNUSED_FUNCTION = YES;
				GCC_WARN_UNUSED_VARIABLE = YES;
				IPHONEOS_DEPLOYMENT_TARGET = 9.1;
				MTL_ENABLE_DEBUG_INFO = NO;
				SDKROOT = iphoneos;
				VALIDATE_PRODUCT = YES;
			};
			name = Release;
		};
		8EF8B7611C03445000856EA0 /* Debug */ = {
			isa = XCBuildConfiguration;
			baseConfigurationReference = 4B94A41ED2E01FB1F8173662 /* Pods-iOSExercise.debug.xcconfig */;
			buildSettings = {
				ASSETCATALOG_COMPILER_APPICON_NAME = AppIcon;
				INFOPLIST_FILE = iOSExercise/Info.plist;
				IPHONEOS_DEPLOYMENT_TARGET = 6.1;
				LD_RUNPATH_SEARCH_PATHS = "$(inherited) @executable_path/Frameworks";
				PRODUCT_BUNDLE_IDENTIFIER = VSS.iOSExercise;
				PRODUCT_NAME = "$(TARGET_NAME)";
			};
			name = Debug;
		};
		8EF8B7621C03445000856EA0 /* Release */ = {
			isa = XCBuildConfiguration;
			baseConfigurationReference = FE742CCCF32B797F0FA2A83C /* Pods-iOSExercise.release.xcconfig */;
			buildSettings = {
				ASSETCATALOG_COMPILER_APPICON_NAME = AppIcon;
				INFOPLIST_FILE = iOSExercise/Info.plist;
				IPHONEOS_DEPLOYMENT_TARGET = 6.1;
				LD_RUNPATH_SEARCH_PATHS = "$(inherited) @executable_path/Frameworks";
				PRODUCT_BUNDLE_IDENTIFIER = VSS.iOSExercise;
				PRODUCT_NAME = "$(TARGET_NAME)";
			};
			name = Release;
		};
		8EF8B7641C03445000856EA0 /* Debug */ = {
			isa = XCBuildConfiguration;
			buildSettings = {
				BUNDLE_LOADER = "$(TEST_HOST)";
				INFOPLIST_FILE = iOSExerciseTests/Info.plist;
				LD_RUNPATH_SEARCH_PATHS = "$(inherited) @executable_path/Frameworks @loader_path/Frameworks";
				PRODUCT_BUNDLE_IDENTIFIER = VSS.iOSExerciseTests;
				PRODUCT_NAME = "$(TARGET_NAME)";
				TEST_HOST = "$(BUILT_PRODUCTS_DIR)/iOSExercise.app/iOSExercise";
			};
			name = Debug;
		};
		8EF8B7651C03445000856EA0 /* Release */ = {
			isa = XCBuildConfiguration;
			buildSettings = {
				BUNDLE_LOADER = "$(TEST_HOST)";
				INFOPLIST_FILE = iOSExerciseTests/Info.plist;
				LD_RUNPATH_SEARCH_PATHS = "$(inherited) @executable_path/Frameworks @loader_path/Frameworks";
				PRODUCT_BUNDLE_IDENTIFIER = VSS.iOSExerciseTests;
				PRODUCT_NAME = "$(TARGET_NAME)";
				TEST_HOST = "$(BUILT_PRODUCTS_DIR)/iOSExercise.app/iOSExercise";
			};
			name = Release;
		};
		8EF8B7671C03445000856EA0 /* Debug */ = {
			isa = XCBuildConfiguration;
			buildSettings = {
				INFOPLIST_FILE = iOSExerciseUITests/Info.plist;
				LD_RUNPATH_SEARCH_PATHS = "$(inherited) @executable_path/Frameworks @loader_path/Frameworks";
				PRODUCT_BUNDLE_IDENTIFIER = VSS.iOSExerciseUITests;
				PRODUCT_NAME = "$(TARGET_NAME)";
				TEST_TARGET_NAME = iOSExercise;
				USES_XCTRUNNER = YES;
			};
			name = Debug;
		};
		8EF8B7681C03445000856EA0 /* Release */ = {
			isa = XCBuildConfiguration;
			buildSettings = {
				INFOPLIST_FILE = iOSExerciseUITests/Info.plist;
				LD_RUNPATH_SEARCH_PATHS = "$(inherited) @executable_path/Frameworks @loader_path/Frameworks";
				PRODUCT_BUNDLE_IDENTIFIER = VSS.iOSExerciseUITests;
				PRODUCT_NAME = "$(TARGET_NAME)";
				TEST_TARGET_NAME = iOSExercise;
				USES_XCTRUNNER = YES;
			};
			name = Release;
		};
/* End XCBuildConfiguration section */

/* Begin XCConfigurationList section */
		8EF8B72E1C03445000856EA0 /* Build configuration list for PBXProject "iOSExercise" */ = {
			isa = XCConfigurationList;
			buildConfigurations = (
				8EF8B75E1C03445000856EA0 /* Debug */,
				8EF8B75F1C03445000856EA0 /* Release */,
			);
			defaultConfigurationIsVisible = 0;
			defaultConfigurationName = Release;
		};
		8EF8B7601C03445000856EA0 /* Build configuration list for PBXNativeTarget "iOSExercise" */ = {
			isa = XCConfigurationList;
			buildConfigurations = (
				8EF8B7611C03445000856EA0 /* Debug */,
				8EF8B7621C03445000856EA0 /* Release */,
			);
			defaultConfigurationIsVisible = 0;
			defaultConfigurationName = Release;
		};
		8EF8B7631C03445000856EA0 /* Build configuration list for PBXNativeTarget "iOSExerciseTests" */ = {
			isa = XCConfigurationList;
			buildConfigurations = (
				8EF8B7641C03445000856EA0 /* Debug */,
				8EF8B7651C03445000856EA0 /* Release */,
			);
			defaultConfigurationIsVisible = 0;
			defaultConfigurationName = Release;
		};
		8EF8B7661C03445000856EA0 /* Build configuration list for PBXNativeTarget "iOSExerciseUITests" */ = {
			isa = XCConfigurationList;
			buildConfigurations = (
				8EF8B7671C03445000856EA0 /* Debug */,
				8EF8B7681C03445000856EA0 /* Release */,
			);
			defaultConfigurationIsVisible = 0;
			defaultConfigurationName = Release;
		};
/* End XCConfigurationList section */
	};
	rootObject = 8EF8B72B1C03445000856EA0 /* Project object */;
}
